
Microsoft Visual Studio Solution File, Format Version 12.00
# Visual Studio Version 17
VisualStudioVersion = 17.8.34309.116
MinimumVisualStudioVersion = 10.0.40219.1
Project("{FAE04EC0-301F-11D3-BF4B-00C04F79EFBC}") = "Zadanie7Warunki", "Zadanie7Warunki\Zadanie7Warunki.csproj", "{A72E4A19-111F-4F6A-9C47-71C3D0D1E3D0}"
EndProject
Global
	GlobalSection(SolutionConfigurationPlatforms) = preSolution
		Debug|Any CPU = Debug|Any CPU
		Release|Any CPU = Release|Any CPU
	EndGlobalSection
	GlobalSection(ProjectConfigurationPlatforms) = postSolution
		{A72E4A19-111F-4F6A-9C47-71C3D0D1E3D0}.Debug|Any CPU.ActiveCfg = Debug|Any CPU
		{A72E4A19-111F-4F6A-9C47-71C3D0D1E3D0}.Debug|Any CPU.Build.0 = Debug|Any CPU
		{A72E4A19-111F-4F6A-9C47-71C3D0D1E3D0}.Release|Any CPU.ActiveCfg = Release|Any CPU
		{A72E4A19-111F-4F6A-9C47-71C3D0D1E3D0}.Release|Any CPU.Build.0 = Release|Any CPU
	EndGlobalSection
	GlobalSection(SolutionProperties) = preSolution
		HideSolutionNode = FALSE
	EndGlobalSection
	GlobalSection(ExtensibilityGlobals) = postSolution
		SolutionGuid = {C17B0B44-1D5D-4CB6-9DC7-EB1B02DF628D}
	EndGlobalSection
EndGlobal
